
Microsoft Visual Studio Solution File, Format Version 12.00
# Visual Studio Version 17
VisualStudioVersion = 17.2.32630.192
MinimumVisualStudioVersion = 10.0.40219.1
Project("{2150E333-8FDC-42A3-9474-1A3956D46DE8}") = "A - Criacional", "A - Criacional", "{96506FF1-ED3A-48B5-B593-3F6697DBCEFB}"
EndProject
Project("{2150E333-8FDC-42A3-9474-1A3956D46DE8}") = "01 - Singleton", "01 - Singleton", "{9DB829D8-37FC-4487-AD02-0339BB5B4F8D}"
EndProject
Project("{FAE04EC0-301F-11D3-BF4B-00C04F79EFBC}") = "Singleton", "Singleton\Singleton.csproj", "{05B69D6C-0AC9-4A67-AE7B-FA63050D6CB7}"
EndProject
Global
	GlobalSection(SolutionConfigurationPlatforms) = preSolution
		Debug|Any CPU = Debug|Any CPU
		Release|Any CPU = Release|Any CPU
	EndGlobalSection
	GlobalSection(ProjectConfigurationPlatforms) = postSolution
		{05B69D6C-0AC9-4A67-AE7B-FA63050D6CB7}.Debug|Any CPU.ActiveCfg = Debug|Any CPU
		{05B69D6C-0AC9-4A67-AE7B-FA63050D6CB7}.Debug|Any CPU.Build.0 = Debug|Any CPU
		{05B69D6C-0AC9-4A67-AE7B-FA63050D6CB7}.Release|Any CPU.ActiveCfg = Release|Any CPU
		{05B69D6C-0AC9-4A67-AE7B-FA63050D6CB7}.Release|Any CPU.Build.0 = Release|Any CPU
	EndGlobalSection
	GlobalSection(SolutionProperties) = preSolution
		HideSolutionNode = FALSE
	EndGlobalSection
	GlobalSection(NestedProjects) = preSolution
		{9DB829D8-37FC-4487-AD02-0339BB5B4F8D} = {96506FF1-ED3A-48B5-B593-3F6697DBCEFB}
		{05B69D6C-0AC9-4A67-AE7B-FA63050D6CB7} = {9DB829D8-37FC-4487-AD02-0339BB5B4F8D}
	EndGlobalSection
	GlobalSection(ExtensibilityGlobals) = postSolution
		SolutionGuid = {9E53CCBB-03EE-46B0-AB0C-D48082DA8F28}
	EndGlobalSection
EndGlobal
